
Microsoft Visual Studio Solution File, Format Version 12.00
# Visual Studio Version 16
VisualStudioVersion = 16.0.30711.63
MinimumVisualStudioVersion = 15.0.26124.0
Project("{2150E333-8FDC-42A3-9474-1A3956D46DE8}") = "Solution Items", "Solution Items", "{64C54756-2D02-42AE-B30B-C170155BD0B6}"
	ProjectSection(SolutionItems) = preProject
		cliSettings.json = cliSettings.json
		README.md = README.md
	EndProjectSection
EndProject
Project("{2150E333-8FDC-42A3-9474-1A3956D46DE8}") = "building-blocks", "building-blocks", "{37D130F7-6CB6-4ECE-9AAA-F4D8D8850864}"
EndProject
Project("{9A19103F-16F7-4668-BE54-9A1E7A4F7556}") = "BuildingBlocks.Core", "building-blocks\BuildingBlocks.Core\BuildingBlocks.Core.csproj", "{CD91C84E-E9C2-4641-966F-DF2B4FBAE71D}"
EndProject
Project("{9A19103F-16F7-4668-BE54-9A1E7A4F7556}") = "BuildingBlocks.Abstractions", "building-blocks\BuildingBlocks.Abstractions\BuildingBlocks.Abstractions.csproj", "{0EAD7EE9-E74E-459F-963B-8FA88EB7AE38}"
EndProject
Project("{9A19103F-16F7-4668-BE54-9A1E7A4F7556}") = "BuildingBlocks.EventStore", "building-blocks\BuildingBlocks.EventStore\BuildingBlocks.EventStore.csproj", "{F3D92E51-416E-47C5-8BE9-2934DEB93CF7}"
EndProject
Project("{9A19103F-16F7-4668-BE54-9A1E7A4F7556}") = "BuildingBlocks.AspNetCore", "building-blocks\BuildingBlocks.AspNetCore\BuildingBlocks.AspNetCore.csproj", "{0D294AFA-8FAB-4B4F-ADBD-17B177D5FE8F}"
EndProject
Project("{2150E333-8FDC-42A3-9474-1A3956D46DE8}") = "src", "src", "{2D3E6CE6-EA03-4916-AE66-D47C5CD7DCD0}"
EndProject
Project("{2150E333-8FDC-42A3-9474-1A3956D46DE8}") = "test", "test", "{2E53BC61-4061-42B7-9200-A093A5CEEAF4}"
EndProject
Project("{9A19103F-16F7-4668-BE54-9A1E7A4F7556}") = "RentAVehicle.Api", "src\RentAVehicle.Api\RentAVehicle.Api.csproj", "{7942C21D-484D-4DA9-AA23-678DB597DA8E}"
EndProject
Project("{9A19103F-16F7-4668-BE54-9A1E7A4F7556}") = "RentAVehicle.Core", "src\RentAVehicle.Core\RentAVehicle.Core.csproj", "{C91D5F8A-3EC4-4D9B-9AEE-2FB289D29253}"
EndProject
Project("{9A19103F-16F7-4668-BE54-9A1E7A4F7556}") = "RentAVehicle.Domain", "src\RentAVehicle.Domain\RentAVehicle.Domain.csproj", "{B0F42284-7BDF-4DAE-A8F2-05A3F533FA25}"
EndProject
Project("{9A19103F-16F7-4668-BE54-9A1E7A4F7556}") = "RentAVehicle.Api.FunctionalTests", "test\RentAVehicle.Api.FunctionalTests\RentAVehicle.Api.FunctionalTests.csproj", "{E4D6DDCC-07B6-4E47-948F-3755F80C0C52}"
EndProject
Project("{9A19103F-16F7-4668-BE54-9A1E7A4F7556}") = "RentAVehicle.Core.UnitTests", "test\RentAVehicle.Core.UnitTests\RentAVehicle.Core.UnitTests.csproj", "{764B9763-2CBA-4292-9D67-2B700DBAB06F}"
EndProject
Project("{9A19103F-16F7-4668-BE54-9A1E7A4F7556}") = "RentAVehicle.Domain.UnitTests", "test\RentAVehicle.Domain.UnitTests\RentAVehicle.Domain.UnitTests.csproj", "{28205A73-C6BE-466A-AE92-7D3F4A6D43AD}"
EndProject
Project("{9A19103F-16F7-4668-BE54-9A1E7A4F7556}") = "RentAVehicle.Testing", "test\RentAVehicle.Testing\RentAVehicle.Testing.csproj", "{ED621EB9-BEDD-4A24-A322-42E5F30CB66F}"
EndProject
Global
	GlobalSection(SolutionConfigurationPlatforms) = preSolution
		Debug|Any CPU = Debug|Any CPU
		Debug|x64 = Debug|x64
		Debug|x86 = Debug|x86
		Release|Any CPU = Release|Any CPU
		Release|x64 = Release|x64
		Release|x86 = Release|x86
	EndGlobalSection
	GlobalSection(ProjectConfigurationPlatforms) = postSolution
		{CD91C84E-E9C2-4641-966F-DF2B4FBAE71D}.Debug|Any CPU.ActiveCfg = Debug|Any CPU
		{CD91C84E-E9C2-4641-966F-DF2B4FBAE71D}.Debug|Any CPU.Build.0 = Debug|Any CPU
		{CD91C84E-E9C2-4641-966F-DF2B4FBAE71D}.Debug|x64.ActiveCfg = Debug|Any CPU
		{CD91C84E-E9C2-4641-966F-DF2B4FBAE71D}.Debug|x64.Build.0 = Debug|Any CPU
		{CD91C84E-E9C2-4641-966F-DF2B4FBAE71D}.Debug|x86.ActiveCfg = Debug|Any CPU
		{CD91C84E-E9C2-4641-966F-DF2B4FBAE71D}.Debug|x86.Build.0 = Debug|Any CPU
		{CD91C84E-E9C2-4641-966F-DF2B4FBAE71D}.Release|Any CPU.ActiveCfg = Release|Any CPU
		{CD91C84E-E9C2-4641-966F-DF2B4FBAE71D}.Release|Any CPU.Build.0 = Release|Any CPU
		{CD91C84E-E9C2-4641-966F-DF2B4FBAE71D}.Release|x64.ActiveCfg = Release|Any CPU
		{CD91C84E-E9C2-4641-966F-DF2B4FBAE71D}.Release|x64.Build.0 = Release|Any CPU
		{CD91C84E-E9C2-4641-966F-DF2B4FBAE71D}.Release|x86.ActiveCfg = Release|Any CPU
		{CD91C84E-E9C2-4641-966F-DF2B4FBAE71D}.Release|x86.Build.0 = Release|Any CPU
		{0EAD7EE9-E74E-459F-963B-8FA88EB7AE38}.Debug|Any CPU.ActiveCfg = Debug|Any CPU
		{0EAD7EE9-E74E-459F-963B-8FA88EB7AE38}.Debug|Any CPU.Build.0 = Debug|Any CPU
		{0EAD7EE9-E74E-459F-963B-8FA88EB7AE38}.Debug|x64.ActiveCfg = Debug|Any CPU
		{0EAD7EE9-E74E-459F-963B-8FA88EB7AE38}.Debug|x64.Build.0 = Debug|Any CPU
		{0EAD7EE9-E74E-459F-963B-8FA88EB7AE38}.Debug|x86.ActiveCfg = Debug|Any CPU
		{0EAD7EE9-E74E-459F-963B-8FA88EB7AE38}.Debug|x86.Build.0 = Debug|Any CPU
		{0EAD7EE9-E74E-459F-963B-8FA88EB7AE38}.Release|Any CPU.ActiveCfg = Release|Any CPU
		{0EAD7EE9-E74E-459F-963B-8FA88EB7AE38}.Release|Any CPU.Build.0 = Release|Any CPU
		{0EAD7EE9-E74E-459F-963B-8FA88EB7AE38}.Release|x64.ActiveCfg = Release|Any CPU
		{0EAD7EE9-E74E-459F-963B-8FA88EB7AE38}.Release|x64.Build.0 = Release|Any CPU
		{0EAD7EE9-E74E-459F-963B-8FA88EB7AE38}.Release|x86.ActiveCfg = Release|Any CPU
		{0EAD7EE9-E74E-459F-963B-8FA88EB7AE38}.Release|x86.Build.0 = Release|Any CPU
		{F3D92E51-416E-47C5-8BE9-2934DEB93CF7}.Debug|Any CPU.ActiveCfg = Debug|Any CPU
		{F3D92E51-416E-47C5-8BE9-2934DEB93CF7}.Debug|Any CPU.Build.0 = Debug|Any CPU
		{F3D92E51-416E-47C5-8BE9-2934DEB93CF7}.Debug|x64.ActiveCfg = Debug|Any CPU
		{F3D92E51-416E-47C5-8BE9-2934DEB93CF7}.Debug|x64.Build.0 = Debug|Any CPU
		{F3D92E51-416E-47C5-8BE9-2934DEB93CF7}.Debug|x86.ActiveCfg = Debug|Any CPU
		{F3D92E51-416E-47C5-8BE9-2934DEB93CF7}.Debug|x86.Build.0 = Debug|Any CPU
		{F3D92E51-416E-47C5-8BE9-2934DEB93CF7}.Release|Any CPU.ActiveCfg = Release|Any CPU
		{F3D92E51-416E-47C5-8BE9-2934DEB93CF7}.Release|Any CPU.Build.0 = Release|Any CPU
		{F3D92E51-416E-47C5-8BE9-2934DEB93CF7}.Release|x64.ActiveCfg = Release|Any CPU
		{F3D92E51-416E-47C5-8BE9-2934DEB93CF7}.Release|x64.Build.0 = Release|Any CPU
		{F3D92E51-416E-47C5-8BE9-2934DEB93CF7}.Release|x86.ActiveCfg = Release|Any CPU
		{F3D92E51-416E-47C5-8BE9-2934DEB93CF7}.Release|x86.Build.0 = Release|Any CPU
		{0D294AFA-8FAB-4B4F-ADBD-17B177D5FE8F}.Debug|Any CPU.ActiveCfg = Debug|Any CPU
		{0D294AFA-8FAB-4B4F-ADBD-17B177D5FE8F}.Debug|Any CPU.Build.0 = Debug|Any CPU
		{0D294AFA-8FAB-4B4F-ADBD-17B177D5FE8F}.Debug|x64.ActiveCfg = Debug|Any CPU
		{0D294AFA-8FAB-4B4F-ADBD-17B177D5FE8F}.Debug|x64.Build.0 = Debug|Any CPU
		{0D294AFA-8FAB-4B4F-ADBD-17B177D5FE8F}.Debug|x86.ActiveCfg = Debug|Any CPU
		{0D294AFA-8FAB-4B4F-ADBD-17B177D5FE8F}.Debug|x86.Build.0 = Debug|Any CPU
		{0D294AFA-8FAB-4B4F-ADBD-17B177D5FE8F}.Release|Any CPU.ActiveCfg = Release|Any CPU
		{0D294AFA-8FAB-4B4F-ADBD-17B177D5FE8F}.Release|Any CPU.Build.0 = Release|Any CPU
		{0D294AFA-8FAB-4B4F-ADBD-17B177D5FE8F}.Release|x64.ActiveCfg = Release|Any CPU
		{0D294AFA-8FAB-4B4F-ADBD-17B177D5FE8F}.Release|x64.Build.0 = Release|Any CPU
		{0D294AFA-8FAB-4B4F-ADBD-17B177D5FE8F}.Release|x86.ActiveCfg = Release|Any CPU
		{0D294AFA-8FAB-4B4F-ADBD-17B177D5FE8F}.Release|x86.Build.0 = Release|Any CPU
		{7942C21D-484D-4DA9-AA23-678DB597DA8E}.Debug|Any CPU.ActiveCfg = Debug|Any CPU
		{7942C21D-484D-4DA9-AA23-678DB597DA8E}.Debug|Any CPU.Build.0 = Debug|Any CPU
		{7942C21D-484D-4DA9-AA23-678DB597DA8E}.Debug|x64.ActiveCfg = Debug|Any CPU
		{7942C21D-484D-4DA9-AA23-678DB597DA8E}.Debug|x64.Build.0 = Debug|Any CPU
		{7942C21D-484D-4DA9-AA23-678DB597DA8E}.Debug|x86.ActiveCfg = Debug|Any CPU
		{7942C21D-484D-4DA9-AA23-678DB597DA8E}.Debug|x86.Build.0 = Debug|Any CPU
		{7942C21D-484D-4DA9-AA23-678DB597DA8E}.Release|Any CPU.ActiveCfg = Release|Any CPU
		{7942C21D-484D-4DA9-AA23-678DB597DA8E}.Release|Any CPU.Build.0 = Release|Any CPU
		{7942C21D-484D-4DA9-AA23-678DB597DA8E}.Release|x64.ActiveCfg = Release|Any CPU
		{7942C21D-484D-4DA9-AA23-678DB597DA8E}.Release|x64.Build.0 = Release|Any CPU
		{7942C21D-484D-4DA9-AA23-678DB597DA8E}.Release|x86.ActiveCfg = Release|Any CPU
		{7942C21D-484D-4DA9-AA23-678DB597DA8E}.Release|x86.Build.0 = Release|Any CPU
		{C91D5F8A-3EC4-4D9B-9AEE-2FB289D29253}.Debug|Any CPU.ActiveCfg = Debug|Any CPU
		{C91D5F8A-3EC4-4D9B-9AEE-2FB289D29253}.Debug|Any CPU.Build.0 = Debug|Any CPU
		{C91D5F8A-3EC4-4D9B-9AEE-2FB289D29253}.Debug|x64.ActiveCfg = Debug|Any CPU
		{C91D5F8A-3EC4-4D9B-9AEE-2FB289D29253}.Debug|x64.Build.0 = Debug|Any CPU
		{C91D5F8A-3EC4-4D9B-9AEE-2FB289D29253}.Debug|x86.ActiveCfg = Debug|Any CPU
		{C91D5F8A-3EC4-4D9B-9AEE-2FB289D29253}.Debug|x86.Build.0 = Debug|Any CPU
		{C91D5F8A-3EC4-4D9B-9AEE-2FB289D29253}.Release|Any CPU.ActiveCfg = Release|Any CPU
		{C91D5F8A-3EC4-4D9B-9AEE-2FB289D29253}.Release|Any CPU.Build.0 = Release|Any CPU
		{C91D5F8A-3EC4-4D9B-9AEE-2FB289D29253}.Release|x64.ActiveCfg = Release|Any CPU
		{C91D5F8A-3EC4-4D9B-9AEE-2FB289D29253}.Release|x64.Build.0 = Release|Any CPU
		{C91D5F8A-3EC4-4D9B-9AEE-2FB289D29253}.Release|x86.ActiveCfg = Release|Any CPU
		{C91D5F8A-3EC4-4D9B-9AEE-2FB289D29253}.Release|x86.Build.0 = Release|Any CPU
		{B0F42284-7BDF-4DAE-A8F2-05A3F533FA25}.Debug|Any CPU.ActiveCfg = Debug|Any CPU
		{B0F42284-7BDF-4DAE-A8F2-05A3F533FA25}.Debug|Any CPU.Build.0 = Debug|Any CPU
		{B0F42284-7BDF-4DAE-A8F2-05A3F533FA25}.Debug|x64.ActiveCfg = Debug|Any CPU
		{B0F42284-7BDF-4DAE-A8F2-05A3F533FA25}.Debug|x64.Build.0 = Debug|Any CPU
		{B0F42284-7BDF-4DAE-A8F2-05A3F533FA25}.Debug|x86.ActiveCfg = Debug|Any CPU
		{B0F42284-7BDF-4DAE-A8F2-05A3F533FA25}.Debug|x86.Build.0 = Debug|Any CPU
		{B0F42284-7BDF-4DAE-A8F2-05A3F533FA25}.Release|Any CPU.ActiveCfg = Release|Any CPU
		{B0F42284-7BDF-4DAE-A8F2-05A3F533FA25}.Release|Any CPU.Build.0 = Release|Any CPU
		{B0F42284-7BDF-4DAE-A8F2-05A3F533FA25}.Release|x64.ActiveCfg = Release|Any CPU
		{B0F42284-7BDF-4DAE-A8F2-05A3F533FA25}.Release|x64.Build.0 = Release|Any CPU
		{B0F42284-7BDF-4DAE-A8F2-05A3F533FA25}.Release|x86.ActiveCfg = Release|Any CPU
		{B0F42284-7BDF-4DAE-A8F2-05A3F533FA25}.Release|x86.Build.0 = Release|Any CPU
		{E4D6DDCC-07B6-4E47-948F-3755F80C0C52}.Debug|Any CPU.ActiveCfg = Debug|Any CPU
		{E4D6DDCC-07B6-4E47-948F-3755F80C0C52}.Debug|Any CPU.Build.0 = Debug|Any CPU
		{E4D6DDCC-07B6-4E47-948F-3755F80C0C52}.Debug|x64.ActiveCfg = Debug|Any CPU
		{E4D6DDCC-07B6-4E47-948F-3755F80C0C52}.Debug|x64.Build.0 = Debug|Any CPU
		{E4D6DDCC-07B6-4E47-948F-3755F80C0C52}.Debug|x86.ActiveCfg = Debug|Any CPU
		{E4D6DDCC-07B6-4E47-948F-3755F80C0C52}.Debug|x86.Build.0 = Debug|Any CPU
		{E4D6DDCC-07B6-4E47-948F-3755F80C0C52}.Release|Any CPU.ActiveCfg = Release|Any CPU
		{E4D6DDCC-07B6-4E47-948F-3755F80C0C52}.Release|Any CPU.Build.0 = Release|Any CPU
		{E4D6DDCC-07B6-4E47-948F-3755F80C0C52}.Release|x64.ActiveCfg = Release|Any CPU
		{E4D6DDCC-07B6-4E47-948F-3755F80C0C52}.Release|x64.Build.0 = Release|Any CPU
		{E4D6DDCC-07B6-4E47-948F-3755F80C0C52}.Release|x86.ActiveCfg = Release|Any CPU
		{E4D6DDCC-07B6-4E47-948F-3755F80C0C52}.Release|x86.Build.0 = Release|Any CPU
		{764B9763-2CBA-4292-9D67-2B700DBAB06F}.Debug|Any CPU.ActiveCfg = Debug|Any CPU
		{764B9763-2CBA-4292-9D67-2B700DBAB06F}.Debug|Any CPU.Build.0 = Debug|Any CPU
		{764B9763-2CBA-4292-9D67-2B700DBAB06F}.Debug|x64.ActiveCfg = Debug|Any CPU
		{764B9763-2CBA-4292-9D67-2B700DBAB06F}.Debug|x64.Build.0 = Debug|Any CPU
		{764B9763-2CBA-4292-9D67-2B700DBAB06F}.Debug|x86.ActiveCfg = Debug|Any CPU
		{764B9763-2CBA-4292-9D67-2B700DBAB06F}.Debug|x86.Build.0 = Debug|Any CPU
		{764B9763-2CBA-4292-9D67-2B700DBAB06F}.Release|Any CPU.ActiveCfg = Release|Any CPU
		{764B9763-2CBA-4292-9D67-2B700DBAB06F}.Release|Any CPU.Build.0 = Release|Any CPU
		{764B9763-2CBA-4292-9D67-2B700DBAB06F}.Release|x64.ActiveCfg = Release|Any CPU
		{764B9763-2CBA-4292-9D67-2B700DBAB06F}.Release|x64.Build.0 = Release|Any CPU
		{764B9763-2CBA-4292-9D67-2B700DBAB06F}.Release|x86.ActiveCfg = Release|Any CPU
		{764B9763-2CBA-4292-9D67-2B700DBAB06F}.Release|x86.Build.0 = Release|Any CPU
		{28205A73-C6BE-466A-AE92-7D3F4A6D43AD}.Debug|Any CPU.ActiveCfg = Debug|Any CPU
		{28205A73-C6BE-466A-AE92-7D3F4A6D43AD}.Debug|Any CPU.Build.0 = Debug|Any CPU
		{28205A73-C6BE-466A-AE92-7D3F4A6D43AD}.Debug|x64.ActiveCfg = Debug|Any CPU
		{28205A73-C6BE-466A-AE92-7D3F4A6D43AD}.Debug|x64.Build.0 = Debug|Any CPU
		{28205A73-C6BE-466A-AE92-7D3F4A6D43AD}.Debug|x86.ActiveCfg = Debug|Any CPU
		{28205A73-C6BE-466A-AE92-7D3F4A6D43AD}.Debug|x86.Build.0 = Debug|Any CPU
		{28205A73-C6BE-466A-AE92-7D3F4A6D43AD}.Release|Any CPU.ActiveCfg = Release|Any CPU
		{28205A73-C6BE-466A-AE92-7D3F4A6D43AD}.Release|Any CPU.Build.0 = Release|Any CPU
		{28205A73-C6BE-466A-AE92-7D3F4A6D43AD}.Release|x64.ActiveCfg = Release|Any CPU
		{28205A73-C6BE-466A-AE92-7D3F4A6D43AD}.Release|x64.Build.0 = Release|Any CPU
		{28205A73-C6BE-466A-AE92-7D3F4A6D43AD}.Release|x86.ActiveCfg = Release|Any CPU
		{28205A73-C6BE-466A-AE92-7D3F4A6D43AD}.Release|x86.Build.0 = Release|Any CPU
		{ED621EB9-BEDD-4A24-A322-42E5F30CB66F}.Debug|Any CPU.ActiveCfg = Debug|Any CPU
		{ED621EB9-BEDD-4A24-A322-42E5F30CB66F}.Debug|Any CPU.Build.0 = Debug|Any CPU
		{ED621EB9-BEDD-4A24-A322-42E5F30CB66F}.Debug|x64.ActiveCfg = Debug|Any CPU
		{ED621EB9-BEDD-4A24-A322-42E5F30CB66F}.Debug|x64.Build.0 = Debug|Any CPU
		{ED621EB9-BEDD-4A24-A322-42E5F30CB66F}.Debug|x86.ActiveCfg = Debug|Any CPU
		{ED621EB9-BEDD-4A24-A322-42E5F30CB66F}.Debug|x86.Build.0 = Debug|Any CPU
		{ED621EB9-BEDD-4A24-A322-42E5F30CB66F}.Release|Any CPU.ActiveCfg = Release|Any CPU
		{ED621EB9-BEDD-4A24-A322-42E5F30CB66F}.Release|Any CPU.Build.0 = Release|Any CPU
		{ED621EB9-BEDD-4A24-A322-42E5F30CB66F}.Release|x64.ActiveCfg = Release|Any CPU
		{ED621EB9-BEDD-4A24-A322-42E5F30CB66F}.Release|x64.Build.0 = Release|Any CPU
		{ED621EB9-BEDD-4A24-A322-42E5F30CB66F}.Release|x86.ActiveCfg = Release|Any CPU
		{ED621EB9-BEDD-4A24-A322-42E5F30CB66F}.Release|x86.Build.0 = Release|Any CPU
	EndGlobalSection
	GlobalSection(SolutionProperties) = preSolution
		HideSolutionNode = FALSE
	EndGlobalSection
	GlobalSection(NestedProjects) = preSolution
		{CD91C84E-E9C2-4641-966F-DF2B4FBAE71D} = {37D130F7-6CB6-4ECE-9AAA-F4D8D8850864}
		{0EAD7EE9-E74E-459F-963B-8FA88EB7AE38} = {37D130F7-6CB6-4ECE-9AAA-F4D8D8850864}
		{F3D92E51-416E-47C5-8BE9-2934DEB93CF7} = {37D130F7-6CB6-4ECE-9AAA-F4D8D8850864}
		{0D294AFA-8FAB-4B4F-ADBD-17B177D5FE8F} = {37D130F7-6CB6-4ECE-9AAA-F4D8D8850864}
		{7942C21D-484D-4DA9-AA23-678DB597DA8E} = {2D3E6CE6-EA03-4916-AE66-D47C5CD7DCD0}
		{C91D5F8A-3EC4-4D9B-9AEE-2FB289D29253} = {2D3E6CE6-EA03-4916-AE66-D47C5CD7DCD0}
		{B0F42284-7BDF-4DAE-A8F2-05A3F533FA25} = {2D3E6CE6-EA03-4916-AE66-D47C5CD7DCD0}
		{E4D6DDCC-07B6-4E47-948F-3755F80C0C52} = {2E53BC61-4061-42B7-9200-A093A5CEEAF4}
		{764B9763-2CBA-4292-9D67-2B700DBAB06F} = {2E53BC61-4061-42B7-9200-A093A5CEEAF4}
		{28205A73-C6BE-466A-AE92-7D3F4A6D43AD} = {2E53BC61-4061-42B7-9200-A093A5CEEAF4}
		{ED621EB9-BEDD-4A24-A322-42E5F30CB66F} = {2E53BC61-4061-42B7-9200-A093A5CEEAF4}
	EndGlobalSection
	GlobalSection(ExtensibilityGlobals) = postSolution
		SolutionGuid = {A8232531-5D54-4845-9184-26BD11FFF7D7}
	EndGlobalSection
EndGlobal
